
Microsoft Visual Studio Solution File, Format Version 12.00
# Visual Studio Version 16
VisualStudioVersion = 16.0.31702.278
MinimumVisualStudioVersion = 10.0.40219.1
Project("{FAE04EC0-301F-11D3-BF4B-00C04F79EFBC}") = "CmsShoppingCart", "CmsShoppingCart\CmsShoppingCart.csproj", "{1ABAC089-4D68-473A-A690-71E7279E0260}"
EndProject
Global
	GlobalSection(SolutionConfigurationPlatforms) = preSolution
		Debug|Any CPU = Debug|Any CPU
		Release|Any CPU = Release|Any CPU
	EndGlobalSection
	GlobalSection(ProjectConfigurationPlatforms) = postSolution
		{1ABAC089-4D68-473A-A690-71E7279E0260}.Debug|Any CPU.ActiveCfg = Debug|Any CPU
		{1ABAC089-4D68-473A-A690-71E7279E0260}.Debug|Any CPU.Build.0 = Debug|Any CPU
		{1ABAC089-4D68-473A-A690-71E7279E0260}.Release|Any CPU.ActiveCfg = Release|Any CPU
		{1ABAC089-4D68-473A-A690-71E7279E0260}.Release|Any CPU.Build.0 = Release|Any CPU
	EndGlobalSection
	GlobalSection(SolutionProperties) = preSolution
		HideSolutionNode = FALSE
	EndGlobalSection
	GlobalSection(ExtensibilityGlobals) = postSolution
		SolutionGuid = {F8283F0E-7EAF-4F4D-940A-47A98FEFC2C4}
	EndGlobalSection
EndGlobal
